
Microsoft Visual Studio Solution File, Format Version 12.00
# Visual Studio Version 16
VisualStudioVersion = 16.0.30611.23
MinimumVisualStudioVersion = 10.0.40219.1
Project("{8BC9CEB8-8B4A-11D0-8D11-00A0C91BC942}") = "lab2", "lab2\lab2.vcxproj", "{2375D276-B29D-445A-8B87-22D3655B2F09}"
EndProject
Project("{8BC9CEB8-8B4A-11D0-8D11-00A0C91BC942}") = "lab2UnitTests", "lab2UnitTests\lab2UnitTests.vcxproj", "{393AC188-B291-48C1-B135-FF4591109267}"
EndProject
Global
	GlobalSection(SolutionConfigurationPlatforms) = preSolution
		Debug|x64 = Debug|x64
		Debug|x86 = Debug|x86
		Release|x64 = Release|x64
		Release|x86 = Release|x86
	EndGlobalSection
	GlobalSection(ProjectConfigurationPlatforms) = postSolution
		{2375D276-B29D-445A-8B87-22D3655B2F09}.Debug|x64.ActiveCfg = Debug|x64
		{2375D276-B29D-445A-8B87-22D3655B2F09}.Debug|x64.Build.0 = Debug|x64
		{2375D276-B29D-445A-8B87-22D3655B2F09}.Debug|x86.ActiveCfg = Debug|Win32
		{2375D276-B29D-445A-8B87-22D3655B2F09}.Debug|x86.Build.0 = Debug|Win32
		{2375D276-B29D-445A-8B87-22D3655B2F09}.Release|x64.ActiveCfg = Release|x64
		{2375D276-B29D-445A-8B87-22D3655B2F09}.Release|x64.Build.0 = Release|x64
		{2375D276-B29D-445A-8B87-22D3655B2F09}.Release|x86.ActiveCfg = Release|Win32
		{2375D276-B29D-445A-8B87-22D3655B2F09}.Release|x86.Build.0 = Release|Win32
		{393AC188-B291-48C1-B135-FF4591109267}.Debug|x64.ActiveCfg = Debug|x64
		{393AC188-B291-48C1-B135-FF4591109267}.Debug|x64.Build.0 = Debug|x64
		{393AC188-B291-48C1-B135-FF4591109267}.Debug|x86.ActiveCfg = Debug|Win32
		{393AC188-B291-48C1-B135-FF4591109267}.Debug|x86.Build.0 = Debug|Win32
		{393AC188-B291-48C1-B135-FF4591109267}.Release|x64.ActiveCfg = Release|x64
		{393AC188-B291-48C1-B135-FF4591109267}.Release|x64.Build.0 = Release|x64
		{393AC188-B291-48C1-B135-FF4591109267}.Release|x86.ActiveCfg = Release|Win32
		{393AC188-B291-48C1-B135-FF4591109267}.Release|x86.Build.0 = Release|Win32
	EndGlobalSection
	GlobalSection(SolutionProperties) = preSolution
		HideSolutionNode = FALSE
	EndGlobalSection
	GlobalSection(ExtensibilityGlobals) = postSolution
		SolutionGuid = {AC3F6B44-121F-4A1E-90E8-311EE9E03321}
	EndGlobalSection
EndGlobal
